
Microsoft Visual Studio Solution File, Format Version 12.00
# Visual Studio 15
Project("{FAE04EC0-301F-11D3-BF4B-00C04F79EFBC}") = "Assembly-CSharp", "Assembly-CSharp.csproj", "{52E05335-A50D-E608-DC91-FCC626C5F6D2}"
EndProject
Project("{FAE04EC0-301F-11D3-BF4B-00C04F79EFBC}") = "Assembly-CSharp-Editor", "Assembly-CSharp-Editor.csproj", "{33D2D4CE-95A6-101E-73BD-849BEDB4C13D}"
EndProject
Global
	GlobalSection(SolutionConfigurationPlatforms) = preSolution
		Debug|Any CPU = Debug|Any CPU
		Release|Any CPU = Release|Any CPU
	EndGlobalSection
	GlobalSection(ProjectConfigurationPlatforms) = postSolution
		{52E05335-A50D-E608-DC91-FCC626C5F6D2}.Debug|Any CPU.ActiveCfg = Debug|Any CPU
		{52E05335-A50D-E608-DC91-FCC626C5F6D2}.Debug|Any CPU.Build.0 = Debug|Any CPU
		{52E05335-A50D-E608-DC91-FCC626C5F6D2}.Release|Any CPU.ActiveCfg = Release|Any CPU
		{52E05335-A50D-E608-DC91-FCC626C5F6D2}.Release|Any CPU.Build.0 = Release|Any CPU
		{33D2D4CE-95A6-101E-73BD-849BEDB4C13D}.Debug|Any CPU.ActiveCfg = Debug|Any CPU
		{33D2D4CE-95A6-101E-73BD-849BEDB4C13D}.Debug|Any CPU.Build.0 = Debug|Any CPU
		{33D2D4CE-95A6-101E-73BD-849BEDB4C13D}.Release|Any CPU.ActiveCfg = Release|Any CPU
		{33D2D4CE-95A6-101E-73BD-849BEDB4C13D}.Release|Any CPU.Build.0 = Release|Any CPU
	EndGlobalSection
	GlobalSection(SolutionProperties) = preSolution
		HideSolutionNode = FALSE
	EndGlobalSection
EndGlobal
